
Microsoft Visual Studio Solution File, Format Version 12.00
# Visual Studio Version 17
VisualStudioVersion = 17.5.002.0
MinimumVisualStudioVersion = 10.0.40219.1
Project("{9A19103F-16F7-4668-BE54-9A1E7A4F7556}") = "DotNetCoreSqlDb", "DotNetCoreSqlDb.csproj", "{E7A2C4C0-71F4-4697-921F-585DF67A86D7}"
EndProject
Global
	GlobalSection(SolutionConfigurationPlatforms) = preSolution
		Debug|Any CPU = Debug|Any CPU
		Release|Any CPU = Release|Any CPU
	EndGlobalSection
	GlobalSection(ProjectConfigurationPlatforms) = postSolution
		{E7A2C4C0-71F4-4697-921F-585DF67A86D7}.Debug|Any CPU.ActiveCfg = Debug|Any CPU
		{E7A2C4C0-71F4-4697-921F-585DF67A86D7}.Debug|Any CPU.Build.0 = Debug|Any CPU
		{E7A2C4C0-71F4-4697-921F-585DF67A86D7}.Release|Any CPU.ActiveCfg = Release|Any CPU
		{E7A2C4C0-71F4-4697-921F-585DF67A86D7}.Release|Any CPU.Build.0 = Release|Any CPU
	EndGlobalSection
	GlobalSection(SolutionProperties) = preSolution
		HideSolutionNode = FALSE
	EndGlobalSection
	GlobalSection(ExtensibilityGlobals) = postSolution
		SolutionGuid = {FC86A557-522F-480B-BD92-890212D6C8A4}
	EndGlobalSection
EndGlobal
